// !$*UTF8*$!
{
	archiveVersion = 1;
	classes = {
	};
	objectVersion = 42;
	objects = {

/* Begin PBXBuildFile section */
		089C1680FE841241C02AAC07 /* InfoPlist.strings in Resources */ = {isa = PBXBuildFile; fileRef = 089C167DFE841241C02AAC07 /* InfoPlist.strings */; };
		1058C7AFFEA557BF11CA2CBB /* Cocoa.framework in Frameworks */ = {isa = PBXBuildFile; fileRef = 1058C7ADFEA557BF11CA2CBB /* Cocoa.framework */; };
		C97508B506B7BD56008F954F /* Dust.h in Headers */ = {isa = PBXBuildFile; fileRef = F5583186010C56B901000001 /* Dust.h */; };
		C97508B606B7BD56008F954F /* DustMote.h in Headers */ = {isa = PBXBuildFile; fileRef = F558318A010C618A01000001 /* DustMote.h */; };
		C97508B806B7BD56008F954F /* InfoPlist.strings in Resources */ = {isa = PBXBuildFile; fileRef = 089C167DFE841241C02AAC07 /* InfoPlist.strings */; };
		C97508B906B7BD56008F954F /* dust.nib in Resources */ = {isa = PBXBuildFile; fileRef = F53B29B6010BBFC001000001 /* dust.nib */; };
		C97508BA06B7BD56008F954F /* pollen.pict in Resources */ = {isa = PBXBuildFile; fileRef = F51B8BBA0111C51D01000001 /* pollen.pict */; };
		C97508BC06B7BD56008F954F /* Dust.m in Sources */ = {isa = PBXBuildFile; fileRef = F5583187010C56B901000001 /* Dust.m */; };
		C97508BE06B7BD56008F954F /* Cocoa.framework in Frameworks */ = {isa = PBXBuildFile; fileRef = 1058C7ADFEA557BF11CA2CBB /* Cocoa.framework */; };
		C97508BF06B7BD56008F954F /* ScreenSaver.framework in Frameworks */ = {isa = PBXBuildFile; fileRef = F53B29B1010BAC1001000001 /* ScreenSaver.framework */; };
		C97508C006B7BD56008F954F /* OpenGL.framework in Frameworks */ = {isa = PBXBuildFile; fileRef = F53B29B3010BAD5E01000001 /* OpenGL.framework */; };
		F51B8BBB0111C51D01000001 /* pollen.pict in Resources */ = {isa = PBXBuildFile; fileRef = F51B8BBA0111C51D01000001 /* pollen.pict */; };
		F53B29B2010BAC1001000001 /* ScreenSaver.framework in Frameworks */ = {isa = PBXBuildFile; fileRef = F53B29B1010BAC1001000001 /* ScreenSaver.framework */; };
		F53B29B4010BAD5E01000001 /* OpenGL.framework in Frameworks */ = {isa = PBXBuildFile; fileRef = F53B29B3010BAD5E01000001 /* OpenGL.framework */; };
		F53B29B7010BBFC001000001 /* dust.nib in Resources */ = {isa = PBXBuildFile; fileRef = F53B29B6010BBFC001000001 /* dust.nib */; };
		F5583188010C56B901000001 /* Dust.h in Headers */ = {isa = PBXBuildFile; fileRef = F5583186010C56B901000001 /* Dust.h */; };
		F5583189010C56B901000001 /* Dust.m in Sources */ = {isa = PBXBuildFile; fileRef = F5583187010C56B901000001 /* Dust.m */; };
		F558318C010C618A01000001 /* DustMote.h in Headers */ = {isa = PBXBuildFile; fileRef = F558318A010C618A01000001 /* DustMote.h */; };
/* End PBXBuildFile section */

/* Begin PBXBuildStyle section */
		014CEA420018CDE011CA2923 /* Development */ = {
			isa = PBXBuildStyle;
			buildSettings = {
				COPY_PHASE_STRIP = NO;
				GCC_DYNAMIC_NO_PIC = NO;
				GCC_ENABLE_FIX_AND_CONTINUE = YES;
				GCC_GENERATE_DEBUGGING_SYMBOLS = YES;
				GCC_OPTIMIZATION_LEVEL = 0;
				OPTIMIZATION_CFLAGS = "-O0";
				ZERO_LINK = YES;
			};
			name = Development;
		};
		014CEA430018CDE011CA2923 /* Deployment */ = {
			isa = PBXBuildStyle;
			buildSettings = {
				COPY_PHASE_STRIP = YES;
				GCC_ENABLE_FIX_AND_CONTINUE = NO;
				ZERO_LINK = NO;
			};
			name = Deployment;
		};
/* End PBXBuildStyle section */

/* Begin PBXBundleTarget section */
		089C1673FE841209C02AAC07 /* dust */ = {
			isa = PBXBundleTarget;
			buildConfigurationList = C9C3A14809759A5C0045F59E /* Build configuration list for PBXBundleTarget "dust" */;
			buildPhases = (
				089C1674FE841209C02AAC07 /* Headers */,
				089C1675FE841209C02AAC07 /* Resources */,
				089C1676FE841209C02AAC07 /* Sources */,
				089C1677FE841209C02AAC07 /* Frameworks */,
				089C1679FE841209C02AAC07 /* Rez */,
			);
			buildSettings = {
				DEBUGGING_SYMBOLS = NO;
				FRAMEWORK_SEARCH_PATHS = "";
				HEADER_SEARCH_PATHS = "";
				INSTALL_PATH = "$(HOME)/Library/Screen Savers";
				LIBRARY_SEARCH_PATHS = "";
				OPTIMIZATION_CFLAGS = "-O3";
				OTHER_CFLAGS = "";
				OTHER_LDFLAGS = "";
				OTHER_REZFLAGS = "";
				PRODUCT_NAME = Pollen;
				SECTORDER_FLAGS = "";
				WARNING_CFLAGS = (
					"-Wmost",
					"-Wno-four-char-constants",
					"-Wno-unknown-pragmas",
				);
				WRAPPER_EXTENSION = saver;
			};
			dependencies = (
			);
			name = dust;
			productInstallPath = "$(HOME)/Library/Screen Savers";
			productName = dust;
			productReference = 014CEA410018CDE011CA2923 /* Pollen.saver */;
			productSettingsXML = "<?xml version=\"1.0\" encoding=\"UTF-8\"?>
<!DOCTYPE plist PUBLIC \"-//Apple Computer//DTD PLIST 1.0//EN\" \"http://www.apple.com/DTDs/PropertyList-1.0.dtd\">
<plist version=\"1.0\">
<dict>
	<key>CFBundleDevelopmentRegion</key>
	<string>English</string>
	<key>CFBundleExecutable</key>
	<string>Pollen</string>
	<key>CFBundleIconFile</key>
	<string></string>
	<key>CFBundleIdentifier</key>
	<string></string>
	<key>CFBundleInfoDictionaryVersion</key>
	<string>6.0</string>
	<key>CFBundlePackageType</key>
	<string>BNDL</string>
	<key>CFBundleSignature</key>
	<string>????</string>
	<key>CFBundleVersion</key>
	<string>0.96b</string>
	<key>NSPrincipalClass</key>
	<string></string>
</dict>
</plist>
";
		};
/* End PBXBundleTarget section */

/* Begin PBXFileReference section */
		014CEA410018CDE011CA2923 /* Pollen.saver */ = {isa = PBXFileReference; explicitFileType = wrapper.cfbundle; path = Pollen.saver; sourceTree = BUILT_PRODUCTS_DIR; };
		089C1672FE841209C02AAC07 /* Foundation.framework */ = {isa = PBXFileReference; lastKnownFileType = wrapper.framework; name = Foundation.framework; path = /System/Library/Frameworks/Foundation.framework; sourceTree = "<absolute>"; };
		089C167EFE841241C02AAC07 /* English */ = {isa = PBXFileReference; fileEncoding = 10; lastKnownFileType = text.plist.strings; name = English; path = English.lproj/InfoPlist.strings; sourceTree = "<group>"; };
		089C167FFE841241C02AAC07 /* AppKit.framework */ = {isa = PBXFileReference; lastKnownFileType = wrapper.framework; name = AppKit.framework; path = /System/Library/Frameworks/AppKit.framework; sourceTree = "<absolute>"; };
		1058C7ADFEA557BF11CA2CBB /* Cocoa.framework */ = {isa = PBXFileReference; lastKnownFileType = wrapper.framework; name = Cocoa.framework; path = /System/Library/Frameworks/Cocoa.framework; sourceTree = "<absolute>"; };
		C97508C306B7BD56008F954F /* Info-dust__Upgraded_.plist */ = {isa = PBXFileReference; lastKnownFileType = text.xml; path = "Info-dust__Upgraded_.plist"; sourceTree = "<group>"; };
		C97508C406B7BD56008F954F /* Pollen.saver */ = {isa = PBXFileReference; explicitFileType = wrapper.cfbundle; includeInIndex = 0; path = Pollen.saver; sourceTree = BUILT_PRODUCTS_DIR; };
		F51B8BBA0111C51D01000001 /* pollen.pict */ = {isa = PBXFileReference; lastKnownFileType = image.pict; path = pollen.pict; sourceTree = "<group>"; };
		F53B29B1010BAC1001000001 /* ScreenSaver.framework */ = {isa = PBXFileReference; lastKnownFileType = wrapper.framework; name = ScreenSaver.framework; path = /System/Library/Frameworks/ScreenSaver.framework; sourceTree = "<absolute>"; };
		F53B29B3010BAD5E01000001 /* OpenGL.framework */ = {isa = PBXFileReference; lastKnownFileType = wrapper.framework; name = OpenGL.framework; path = /System/Library/Frameworks/OpenGL.framework; sourceTree = "<absolute>"; };
		F53B29B6010BBFC001000001 /* dust.nib */ = {isa = PBXFileReference; lastKnownFileType = wrapper.nib; path = dust.nib; sourceTree = "<group>"; };
		F5583186010C56B901000001 /* Dust.h */ = {isa = PBXFileReference; fileEncoding = 30; lastKnownFileType = sourcecode.c.h; path = Dust.h; sourceTree = "<group>"; };
		F5583187010C56B901000001 /* Dust.m */ = {isa = PBXFileReference; fileEncoding = 30; lastKnownFileType = sourcecode.c.objc; path = Dust.m; sourceTree = "<group>"; };
		F558318A010C618A01000001 /* DustMote.h */ = {isa = PBXFileReference; fileEncoding = 30; lastKnownFileType = sourcecode.c.h; path = DustMote.h; sourceTree = "<group>"; };
/* End PBXFileReference section */

/* Begin PBXFrameworksBuildPhase section */
		089C1677FE841209C02AAC07 /* Frameworks */ = {
			isa = PBXFrameworksBuildPhase;
			buildActionMask = 2147483647;
			files = (
				1058C7AFFEA557BF11CA2CBB /* Cocoa.framework in Frameworks */,
				F53B29B2010BAC1001000001 /* ScreenSaver.framework in Frameworks */,
				F53B29B4010BAD5E01000001 /* OpenGL.framework in Frameworks */,
			);
			runOnlyForDeploymentPostprocessing = 0;
		};
		C97508BD06B7BD56008F954F /* Frameworks */ = {
			isa = PBXFrameworksBuildPhase;
			buildActionMask = 2147483647;
			files = (
				C97508BE06B7BD56008F954F /* Cocoa.framework in Frameworks */,
				C97508BF06B7BD56008F954F /* ScreenSaver.framework in Frameworks */,
				C97508C006B7BD56008F954F /* OpenGL.framework in Frameworks */,
			);
			runOnlyForDeploymentPostprocessing = 0;
		};
/* End PBXFrameworksBuildPhase section */

/* Begin PBXGroup section */
		089C166AFE841209C02AAC07 /* dust */ = {
			isa = PBXGroup;
			children = (
				08FB77AFFE84173DC02AAC07 /* Classes */,
				089C167CFE841241C02AAC07 /* Resources */,
				089C1671FE841209C02AAC07 /* Frameworks and Libraries */,
				19C28FB8FE9D52D311CA2CBB /* Products */,
				C97508C306B7BD56008F954F /* Info-dust__Upgraded_.plist */,
			);
			name = dust;
			sourceTree = "<group>";
		};
		089C1671FE841209C02AAC07 /* Frameworks and Libraries */ = {
			isa = PBXGroup;
			children = (
				1058C7ACFEA557BF11CA2CBB /* Linked Frameworks */,
				1058C7AEFEA557BF11CA2CBB /* Other Frameworks */,
			);
			name = "Frameworks and Libraries";
			sourceTree = "<group>";
		};
		089C167CFE841241C02AAC07 /* Resources */ = {
			isa = PBXGroup;
			children = (
				F53B29B6010BBFC001000001 /* dust.nib */,
				089C167DFE841241C02AAC07 /* InfoPlist.strings */,
				F51B8BBA0111C51D01000001 /* pollen.pict */,
			);
			name = Resources;
			sourceTree = "<group>";
		};
		08FB77AFFE84173DC02AAC07 /* Classes */ = {
			isa = PBXGroup;
			children = (
				F5583186010C56B901000001 /* Dust.h */,
				F5583187010C56B901000001 /* Dust.m */,
				F558318A010C618A01000001 /* DustMote.h */,
			);
			name = Classes;
			sourceTree = "<group>";
		};
		1058C7ACFEA557BF11CA2CBB /* Linked Frameworks */ = {
			isa = PBXGroup;
			children = (
				F53B29B1010BAC1001000001 /* ScreenSaver.framework */,
				1058C7ADFEA557BF11CA2CBB /* Cocoa.framework */,
				F53B29B3010BAD5E01000001 /* OpenGL.framework */,
			);
			name = "Linked Frameworks";
			sourceTree = "<group>";
		};
		1058C7AEFEA557BF11CA2CBB /* Other Frameworks */ = {
			isa = PBXGroup;
			children = (
				089C1672FE841209C02AAC07 /* Foundation.framework */,
				089C167FFE841241C02AAC07 /* AppKit.framework */,
			);
			name = "Other Frameworks";
			sourceTree = "<group>";
		};
		19C28FB8FE9D52D311CA2CBB /* Products */ = {
			isa = PBXGroup;
			children = (
				014CEA410018CDE011CA2923 /* Pollen.saver */,
				C97508C406B7BD56008F954F /* Pollen.saver */,
			);
			name = Products;
			sourceTree = "<group>";
		};
/* End PBXGroup section */

/* Begin PBXHeadersBuildPhase section */
		089C1674FE841209C02AAC07 /* Headers */ = {
			isa = PBXHeadersBuildPhase;
			buildActionMask = 2147483647;
			files = (
				F5583188010C56B901000001 /* Dust.h in Headers */,
				F558318C010C618A01000001 /* DustMote.h in Headers */,
			);
			runOnlyForDeploymentPostprocessing = 0;
		};
		C97508B406B7BD56008F954F /* Headers */ = {
			isa = PBXHeadersBuildPhase;
			buildActionMask = 2147483647;
			files = (
				C97508B506B7BD56008F954F /* Dust.h in Headers */,
				C97508B606B7BD56008F954F /* DustMote.h in Headers */,
			);
			runOnlyForDeploymentPostprocessing = 0;
		};
/* End PBXHeadersBuildPhase section */

/* Begin PBXNativeTarget section */
		C97508B306B7BD56008F954F /* dust (Upgraded) */ = {
			isa = PBXNativeTarget;
			buildConfigurationList = C9C3A14C09759A5C0045F59E /* Build configuration list for PBXNativeTarget "dust (Upgraded)" */;
			buildPhases = (
				C97508B406B7BD56008F954F /* Headers */,
				C97508B706B7BD56008F954F /* Resources */,
				C97508BB06B7BD56008F954F /* Sources */,
				C97508BD06B7BD56008F954F /* Frameworks */,
				C97508C106B7BD56008F954F /* Rez */,
			);
			buildRules = (
			);
			buildSettings = {
				FRAMEWORK_SEARCH_PATHS = "";
				GCC_ALTIVEC_EXTENSIONS = YES;
				GCC_ENABLE_CPP_EXCEPTIONS = NO;
				GCC_ENABLE_CPP_RTTI = NO;
				GCC_GENERATE_DEBUGGING_SYMBOLS = NO;
				GCC_OPTIMIZATION_LEVEL = s;
				HEADER_SEARCH_PATHS = "";
				INFOPLIST_FILE = "Info-dust__Upgraded_.plist";
				INSTALL_PATH = "\"$(HOME)/Library/Screen Savers\"";
				LIBRARY_SEARCH_PATHS = "";
				OTHER_CFLAGS = "";
				OTHER_LDFLAGS = "";
				OTHER_REZFLAGS = "";
				PRODUCT_NAME = Pollen;
				SECTORDER_FLAGS = "";
				WARNING_CFLAGS = (
					"-Wmost",
					"-Wno-four-char-constants",
					"-Wno-unknown-pragmas",
				);
				WRAPPER_EXTENSION = saver;
			};
			dependencies = (
			);
			name = "dust (Upgraded)";
			productInstallPath = "$(HOME)/Library/Screen Savers";
			productName = dust;
			productReference = C97508C406B7BD56008F954F /* Pollen.saver */;
			productType = "com.apple.product-type.bundle";
		};
/* End PBXNativeTarget section */

/* Begin PBXProject section */
		089C1669FE841209C02AAC07 /* Project object */ = {
			isa = PBXProject;
			buildConfigurationList = C9C3A15009759A5C0045F59E /* Build configuration list for PBXProject "dust" */;
			buildSettings = {
			};
			buildStyles = (
				014CEA420018CDE011CA2923 /* Development */,
				014CEA430018CDE011CA2923 /* Deployment */,
			);
			hasScannedForEncodings = 1;
			mainGroup = 089C166AFE841209C02AAC07 /* dust */;
			projectDirPath = "";
			targets = (
				089C1673FE841209C02AAC07 /* dust */,
				C97508B306B7BD56008F954F /* dust (Upgraded) */,
			);
		};
/* End PBXProject section */

/* Begin PBXResourcesBuildPhase section */
		089C1675FE841209C02AAC07 /* Resources */ = {
			isa = PBXResourcesBuildPhase;
			buildActionMask = 2147483647;
			files = (
				089C1680FE841241C02AAC07 /* InfoPlist.strings in Resources */,
				F53B29B7010BBFC001000001 /* dust.nib in Resources */,
				F51B8BBB0111C51D01000001 /* pollen.pict in Resources */,
			);
			runOnlyForDeploymentPostprocessing = 0;
		};
		C97508B706B7BD56008F954F /* Resources */ = {
			isa = PBXResourcesBuildPhase;
			buildActionMask = 2147483647;
			files = (
				C97508B806B7BD56008F954F /* InfoPlist.strings in Resources */,
				C97508B906B7BD56008F954F /* dust.nib in Resources */,
				C97508BA06B7BD56008F954F /* pollen.pict in Resources */,
			);
			runOnlyForDeploymentPostprocessing = 0;
		};
/* End PBXResourcesBuildPhase section */

/* Begin PBXRezBuildPhase section */
		089C1679FE841209C02AAC07 /* Rez */ = {
			isa = PBXRezBuildPhase;
			buildActionMask = 2147483647;
			files = (
			);
			runOnlyForDeploymentPostprocessing = 0;
		};
		C97508C106B7BD56008F954F /* Rez */ = {
			isa = PBXRezBuildPhase;
			buildActionMask = 2147483647;
			files = (
			);
			runOnlyForDeploymentPostprocessing = 0;
		};
/* End PBXRezBuildPhase section */

/* Begin PBXSourcesBuildPhase section */
		089C1676FE841209C02AAC07 /* Sources */ = {
			isa = PBXSourcesBuildPhase;
			buildActionMask = 2147483647;
			files = (
				F5583189010C56B901000001 /* Dust.m in Sources */,
			);
			runOnlyForDeploymentPostprocessing = 0;
		};
		C97508BB06B7BD56008F954F /* Sources */ = {
			isa = PBXSourcesBuildPhase;
			buildActionMask = 2147483647;
			files = (
				C97508BC06B7BD56008F954F /* Dust.m in Sources */,
			);
			runOnlyForDeploymentPostprocessing = 0;
		};
/* End PBXSourcesBuildPhase section */

/* Begin PBXVariantGroup section */
		089C167DFE841241C02AAC07 /* InfoPlist.strings */ = {
			isa = PBXVariantGroup;
			children = (
				089C167EFE841241C02AAC07 /* English */,
			);
			name = InfoPlist.strings;
			sourceTree = "<group>";
		};
/* End PBXVariantGroup section */

/* Begin XCBuildConfiguration section */
		C9C3A14909759A5C0045F59E /* Development */ = {
			isa = XCBuildConfiguration;
			buildSettings = {
				COPY_PHASE_STRIP = NO;
				DEBUGGING_SYMBOLS = NO;
				FRAMEWORK_SEARCH_PATHS = "";
				GCC_DYNAMIC_NO_PIC = NO;
				GCC_ENABLE_FIX_AND_CONTINUE = YES;
				GCC_GENERATE_DEBUGGING_SYMBOLS = YES;
				GCC_OPTIMIZATION_LEVEL = 0;
				HEADER_SEARCH_PATHS = "";
				INSTALL_PATH = "$(HOME)/Library/Screen Savers";
				LIBRARY_SEARCH_PATHS = "";
				OPTIMIZATION_CFLAGS = "-O0";
				OTHER_CFLAGS = "";
				OTHER_LDFLAGS = "";
				OTHER_REZFLAGS = "";
				PRODUCT_NAME = Pollen;
				SECTORDER_FLAGS = "";
				WARNING_CFLAGS = (
					"-Wmost",
					"-Wno-four-char-constants",
					"-Wno-unknown-pragmas",
				);
				WRAPPER_EXTENSION = saver;
				ZERO_LINK = YES;
			};
			name = Development;
		};
		C9C3A14A09759A5C0045F59E /* Deployment */ = {
			isa = XCBuildConfiguration;
			buildSettings = {
				COPY_PHASE_STRIP = YES;
				DEBUGGING_SYMBOLS = NO;
				FRAMEWORK_SEARCH_PATHS = "";
				GCC_ENABLE_FIX_AND_CONTINUE = NO;
				HEADER_SEARCH_PATHS = "";
				INSTALL_PATH = "$(HOME)/Library/Screen Savers";
				LIBRARY_SEARCH_PATHS = "";
				OPTIMIZATION_CFLAGS = "-O3";
				OTHER_CFLAGS = "";
				OTHER_LDFLAGS = "";
				OTHER_REZFLAGS = "";
				PRODUCT_NAME = Pollen;
				SECTORDER_FLAGS = "";
				WARNING_CFLAGS = (
					"-Wmost",
					"-Wno-four-char-constants",
					"-Wno-unknown-pragmas",
				);
				WRAPPER_EXTENSION = saver;
				ZERO_LINK = NO;
			};
			name = Deployment;
		};
		C9C3A14B09759A5C0045F59E /* Default */ = {
			isa = XCBuildConfiguration;
			buildSettings = {
				DEBUGGING_SYMBOLS = NO;
				FRAMEWORK_SEARCH_PATHS = "";
				HEADER_SEARCH_PATHS = "";
				INSTALL_PATH = "$(HOME)/Library/Screen Savers";
				LIBRARY_SEARCH_PATHS = "";
				OPTIMIZATION_CFLAGS = "-O3";
				OTHER_CFLAGS = "";
				OTHER_LDFLAGS = "";
				OTHER_REZFLAGS = "";
				PRODUCT_NAME = Pollen;
				SECTORDER_FLAGS = "";
				WARNING_CFLAGS = (
					"-Wmost",
					"-Wno-four-char-constants",
					"-Wno-unknown-pragmas",
				);
				WRAPPER_EXTENSION = saver;
			};
			name = Default;
		};
		C9C3A14D09759A5C0045F59E /* Development */ = {
			isa = XCBuildConfiguration;
			buildSettings = {
				COPY_PHASE_STRIP = NO;
				FRAMEWORK_SEARCH_PATHS = "";
				GCC_ALTIVEC_EXTENSIONS = YES;
				GCC_DYNAMIC_NO_PIC = NO;
				GCC_ENABLE_CPP_EXCEPTIONS = NO;
				GCC_ENABLE_CPP_RTTI = NO;
				GCC_ENABLE_FIX_AND_CONTINUE = YES;
				GCC_GENERATE_DEBUGGING_SYMBOLS = YES;
				GCC_OPTIMIZATION_LEVEL = 0;
				HEADER_SEARCH_PATHS = "";
				INFOPLIST_FILE = "Info-dust__Upgraded_.plist";
				INSTALL_PATH = "$(HOME)/Library/Screen Savers";
				LIBRARY_SEARCH_PATHS = "";
				OPTIMIZATION_CFLAGS = "-O0";
				OTHER_CFLAGS = "";
				OTHER_LDFLAGS = "";
				OTHER_REZFLAGS = "";
				PRODUCT_NAME = Pollen;
				SECTORDER_FLAGS = "";
				WARNING_CFLAGS = (
					"-Wmost",
					"-Wno-four-char-constants",
					"-Wno-unknown-pragmas",
				);
				WRAPPER_EXTENSION = saver;
				ZERO_LINK = YES;
			};
			name = Development;
		};
		C9C3A14E09759A5C0045F59E /* Deployment */ = {
			isa = XCBuildConfiguration;
			buildSettings = {
				COPY_PHASE_STRIP = YES;
				FRAMEWORK_SEARCH_PATHS = "";
				GCC_ALTIVEC_EXTENSIONS = YES;
				GCC_ENABLE_CPP_EXCEPTIONS = NO;
				GCC_ENABLE_CPP_RTTI = NO;
				GCC_ENABLE_FIX_AND_CONTINUE = NO;
				GCC_GENERATE_DEBUGGING_SYMBOLS = NO;
				GCC_OPTIMIZATION_LEVEL = s;
				HEADER_SEARCH_PATHS = "";
				INFOPLIST_FILE = "Info-dust__Upgraded_.plist";
				INSTALL_PATH = "$(HOME)/Library/Screen Savers";
				LIBRARY_SEARCH_PATHS = "";
				OTHER_CFLAGS = "";
				OTHER_LDFLAGS = "";
				OTHER_REZFLAGS = "";
				PRODUCT_NAME = Pollen;
				SECTORDER_FLAGS = "";
				WARNING_CFLAGS = (
					"-Wmost",
					"-Wno-four-char-constants",
					"-Wno-unknown-pragmas",
				);
				WRAPPER_EXTENSION = saver;
				ZERO_LINK = NO;
			};
			name = Deployment;
		};
		C9C3A14F09759A5C0045F59E /* Default */ = {
			isa = XCBuildConfiguration;
			buildSettings = {
				FRAMEWORK_SEARCH_PATHS = "";
				GCC_ALTIVEC_EXTENSIONS = YES;
				GCC_ENABLE_CPP_EXCEPTIONS = NO;
				GCC_ENABLE_CPP_RTTI = NO;
				GCC_GENERATE_DEBUGGING_SYMBOLS = NO;
				GCC_OPTIMIZATION_LEVEL = s;
				HEADER_SEARCH_PATHS = "";
				INFOPLIST_FILE = "Info-dust__Upgraded_.plist";
				INSTALL_PATH = "$(HOME)/Library/Screen Savers";
				LIBRARY_SEARCH_PATHS = "";
				OTHER_CFLAGS = "";
				OTHER_LDFLAGS = "";
				OTHER_REZFLAGS = "";
				PRODUCT_NAME = Pollen;
				SECTORDER_FLAGS = "";
				WARNING_CFLAGS = (
					"-Wmost",
					"-Wno-four-char-constants",
					"-Wno-unknown-pragmas",
				);
				WRAPPER_EXTENSION = saver;
			};
			name = Default;
		};
		C9C3A15109759A5C0045F59E /* Development */ = {
			isa = XCBuildConfiguration;
			buildSettings = {
				ARCHS = ppc;
				COPYING_PRESERVES_HFS_DATA = YES;
				GCC_AUTO_VECTORIZATION = YES;
				GCC_WARN_ABOUT_MISSING_PROTOTYPES = YES;
				GCC_WARN_ABOUT_RETURN_TYPE = YES;
				GCC_WARN_SHADOW = YES;
				GCC_WARN_SIGN_COMPARE = YES;
				GCC_WARN_UNINITIALIZED_AUTOS = YES;
				GCC_WARN_UNUSED_FUNCTION = YES;
				GCC_WARN_UNUSED_LABEL = YES;
				GCC_WARN_UNUSED_PARAMETER = YES;
				GCC_WARN_UNUSED_VALUE = YES;
				GCC_WARN_UNUSED_VARIABLE = YES;
			};
			name = Development;
		};
		C9C3A15209759A5C0045F59E /* Deployment */ = {
			isa = XCBuildConfiguration;
			buildSettings = {
				ARCHS = ppc;
				COPYING_PRESERVES_HFS_DATA = YES;
				GCC_AUTO_VECTORIZATION = YES;
				GCC_WARN_ABOUT_MISSING_PROTOTYPES = YES;
				GCC_WARN_ABOUT_RETURN_TYPE = YES;
				GCC_WARN_SHADOW = YES;
				GCC_WARN_SIGN_COMPARE = YES;
				GCC_WARN_UNINITIALIZED_AUTOS = YES;
				GCC_WARN_UNUSED_FUNCTION = YES;
				GCC_WARN_UNUSED_LABEL = YES;
				GCC_WARN_UNUSED_PARAMETER = YES;
				GCC_WARN_UNUSED_VALUE = YES;
				GCC_WARN_UNUSED_VARIABLE = YES;
			};
			name = Deployment;
		};
		C9C3A15309759A5C0045F59E /* Default */ = {
			isa = XCBuildConfiguration;
			buildSettings = {
				ARCHS = ppc;
				COPYING_PRESERVES_HFS_DATA = YES;
				GCC_AUTO_VECTORIZATION = YES;
				GCC_WARN_ABOUT_MISSING_PROTOTYPES = YES;
				GCC_WARN_ABOUT_RETURN_TYPE = YES;
				GCC_WARN_SHADOW = YES;
				GCC_WARN_SIGN_COMPARE = YES;
				GCC_WARN_UNINITIALIZED_AUTOS = YES;
				GCC_WARN_UNUSED_FUNCTION = YES;
				GCC_WARN_UNUSED_LABEL = YES;
				GCC_WARN_UNUSED_PARAMETER = YES;
				GCC_WARN_UNUSED_VALUE = YES;
				GCC_WARN_UNUSED_VARIABLE = YES;
			};
			name = Default;
		};
/* End XCBuildConfiguration section */

/* Begin XCConfigurationList section */
		C9C3A14809759A5C0045F59E /* Build configuration list for PBXBundleTarget "dust" */ = {
			isa = XCConfigurationList;
			buildConfigurations = (
				C9C3A14909759A5C0045F59E /* Development */,
				C9C3A14A09759A5C0045F59E /* Deployment */,
				C9C3A14B09759A5C0045F59E /* Default */,
			);
			defaultConfigurationIsVisible = 0;
			defaultConfigurationName = Default;
		};
		C9C3A14C09759A5C0045F59E /* Build configuration list for PBXNativeTarget "dust (Upgraded)" */ = {
			isa = XCConfigurationList;
			buildConfigurations = (
				C9C3A14D09759A5C0045F59E /* Development */,
				C9C3A14E09759A5C0045F59E /* Deployment */,
				C9C3A14F09759A5C0045F59E /* Default */,
			);
			defaultConfigurationIsVisible = 0;
			defaultConfigurationName = Default;
		};
		C9C3A15009759A5C0045F59E /* Build configuration list for PBXProject "dust" */ = {
			isa = XCConfigurationList;
			buildConfigurations = (
				C9C3A15109759A5C0045F59E /* Development */,
				C9C3A15209759A5C0045F59E /* Deployment */,
				C9C3A15309759A5C0045F59E /* Default */,
			);
			defaultConfigurationIsVisible = 0;
			defaultConfigurationName = Default;
		};
/* End XCConfigurationList section */
	};
	rootObject = 089C1669FE841209C02AAC07 /* Project object */;
}
